# This file is automatically @generated by Cargo.
# It is not intended for manual editing.
[[package]]
name = "array-init"
version = "0.0.4"
source = "registry+https://github.com/rust-lang/crates.io-index"
dependencies = [
 "nodrop 0.1.13 (registry+https://github.com/rust-lang/crates.io-index)",
]

[[package]]
name = "autocfg"
version = "0.1.5"
source = "registry+https://github.com/rust-lang/crates.io-index"

[[package]]
name = "bit_field"
version = "0.9.0"
source = "registry+https://github.com/rust-lang/crates.io-index"

[[package]]
name = "bitflags"
version = "1.1.0"
source = "registry+https://github.com/rust-lang/crates.io-index"

[[package]]
name = "bootloader"
version = "0.6.4"
source = "registry+https://github.com/rust-lang/crates.io-index"
dependencies = [
 "fixedvec 0.2.4 (registry+https://github.com/rust-lang/crates.io-index)",
 "llvm-tools 0.1.1 (registry+https://github.com/rust-lang/crates.io-index)",
 "usize_conversions 0.2.0 (registry+https://github.com/rust-lang/crates.io-index)",
 "x86_64 0.7.4 (registry+https://github.com/rust-lang/crates.io-index)",
 "xmas-elf 0.6.2 (registry+https://github.com/rust-lang/crates.io-index)",
]

[[package]]
name = "cast"
version = "0.2.2"
source = "registry+https://github.com/rust-lang/crates.io-index"

[[package]]
name = "cc"
version = "1.0.38"
source = "registry+https://github.com/rust-lang/crates.io-index"

[[package]]
name = "cpuio"
version = "0.2.0"
source = "registry+https://github.com/rust-lang/crates.io-index"

[[package]]
name = "fixedvec"
version = "0.2.4"
source = "registry+https://github.com/rust-lang/crates.io-index"

[[package]]
name = "hashbrown"
version = "0.5.0"
source = "registry+https://github.com/rust-lang/crates.io-index"

[[package]]
name = "hivemind"
version = "0.0.1"
dependencies = [
 "bootloader 0.6.4 (registry+https://github.com/rust-lang/crates.io-index)",
 "lazy_static 1.3.0 (registry+https://github.com/rust-lang/crates.io-index)",
 "linked_list_allocator 0.6.4 (registry+https://github.com/rust-lang/crates.io-index)",
 "mech-core 0.0.2 (git+https://gitlab.com/mech-lang/core)",
 "pc-keyboard 0.3.1 (registry+https://github.com/rust-lang/crates.io-index)",
 "pic8259_simple 0.1.1 (registry+https://github.com/rust-lang/crates.io-index)",
 "spin 0.4.10 (registry+https://github.com/rust-lang/crates.io-index)",
 "uart_16550 0.2.0 (registry+https://github.com/rust-lang/crates.io-index)",
 "volatile 0.2.6 (registry+https://github.com/rust-lang/crates.io-index)",
 "x86_64 0.7.4 (registry+https://github.com/rust-lang/crates.io-index)",
]

[[package]]
name = "lazy_static"
version = "1.3.0"
source = "registry+https://github.com/rust-lang/crates.io-index"
dependencies = [
 "spin 0.5.0 (registry+https://github.com/rust-lang/crates.io-index)",
]

[[package]]
name = "libm"
version = "0.1.4"
source = "registry+https://github.com/rust-lang/crates.io-index"

[[package]]
name = "linked_list_allocator"
version = "0.6.4"
source = "registry+https://github.com/rust-lang/crates.io-index"
dependencies = [
 "spin 0.5.0 (registry+https://github.com/rust-lang/crates.io-index)",
]

[[package]]
name = "llvm-tools"
version = "0.1.1"
source = "registry+https://github.com/rust-lang/crates.io-index"

[[package]]
name = "mech-core"
version = "0.0.2"
source = "git+https://gitlab.com/mech-lang/core#cb3afe0b2bc4bff7364849b5fcea65e2e0a0edc4"
dependencies = [
 "hashbrown 0.5.0 (registry+https://github.com/rust-lang/crates.io-index)",
 "libm 0.1.4 (registry+https://github.com/rust-lang/crates.io-index)",
 "num 0.2.0 (registry+https://github.com/rust-lang/crates.io-index)",
 "rlibc 1.0.0 (registry+https://github.com/rust-lang/crates.io-index)",
 "serde 1.0.97 (registry+https://github.com/rust-lang/crates.io-index)",
 "serde_derive 1.0.97 (registry+https://github.com/rust-lang/crates.io-index)",
]

[[package]]
name = "nodrop"
version = "0.1.13"
source = "registry+https://github.com/rust-lang/crates.io-index"

[[package]]
name = "num"
version = "0.2.0"
source = "registry+https://github.com/rust-lang/crates.io-index"
dependencies = [
 "num-complex 0.2.3 (registry+https://github.com/rust-lang/crates.io-index)",
 "num-integer 0.1.41 (registry+https://github.com/rust-lang/crates.io-index)",
 "num-iter 0.1.39 (registry+https://github.com/rust-lang/crates.io-index)",
 "num-rational 0.2.2 (registry+https://github.com/rust-lang/crates.io-index)",
 "num-traits 0.2.8 (registry+https://github.com/rust-lang/crates.io-index)",
]

[[package]]
name = "num-complex"
version = "0.2.3"
source = "registry+https://github.com/rust-lang/crates.io-index"
dependencies = [
 "autocfg 0.1.5 (registry+https://github.com/rust-lang/crates.io-index)",
 "num-traits 0.2.8 (registry+https://github.com/rust-lang/crates.io-index)",
]

[[package]]
name = "num-integer"
version = "0.1.41"
source = "registry+https://github.com/rust-lang/crates.io-index"
dependencies = [
 "autocfg 0.1.5 (registry+https://github.com/rust-lang/crates.io-index)",
 "num-traits 0.2.8 (registry+https://github.com/rust-lang/crates.io-index)",
]

[[package]]
name = "num-iter"
version = "0.1.39"
source = "registry+https://github.com/rust-lang/crates.io-index"
dependencies = [
 "autocfg 0.1.5 (registry+https://github.com/rust-lang/crates.io-index)",
 "num-integer 0.1.41 (registry+https://github.com/rust-lang/crates.io-index)",
 "num-traits 0.2.8 (registry+https://github.com/rust-lang/crates.io-index)",
]

[[package]]
name = "num-rational"
version = "0.2.2"
source = "registry+https://github.com/rust-lang/crates.io-index"
dependencies = [
 "autocfg 0.1.5 (registry+https://github.com/rust-lang/crates.io-index)",
 "num-integer 0.1.41 (registry+https://github.com/rust-lang/crates.io-index)",
 "num-traits 0.2.8 (registry+https://github.com/rust-lang/crates.io-index)",
]

[[package]]
name = "num-traits"
version = "0.2.8"
source = "registry+https://github.com/rust-lang/crates.io-index"
dependencies = [
 "autocfg 0.1.5 (registry+https://github.com/rust-lang/crates.io-index)",
]

[[package]]
name = "pc-keyboard"
version = "0.3.1"
source = "registry+https://github.com/rust-lang/crates.io-index"

[[package]]
name = "pic8259_simple"
version = "0.1.1"
source = "registry+https://github.com/rust-lang/crates.io-index"
dependencies = [
 "cpuio 0.2.0 (registry+https://github.com/rust-lang/crates.io-index)",
]

[[package]]
name = "proc-macro2"
version = "0.4.30"
source = "registry+https://github.com/rust-lang/crates.io-index"
dependencies = [
 "unicode-xid 0.1.0 (registry+https://github.com/rust-lang/crates.io-index)",
]

[[package]]
name = "quote"
version = "0.6.13"
source = "registry+https://github.com/rust-lang/crates.io-index"
dependencies = [
 "proc-macro2 0.4.30 (registry+https://github.com/rust-lang/crates.io-index)",
]

[[package]]
name = "raw-cpuid"
version = "6.1.0"
source = "registry+https://github.com/rust-lang/crates.io-index"
dependencies = [
 "bitflags 1.1.0 (registry+https://github.com/rust-lang/crates.io-index)",
 "cc 1.0.38 (registry+https://github.com/rust-lang/crates.io-index)",
 "rustc_version 0.2.3 (registry+https://github.com/rust-lang/crates.io-index)",
]

[[package]]
name = "rlibc"
version = "1.0.0"
source = "registry+https://github.com/rust-lang/crates.io-index"

[[package]]
name = "rustc_version"
version = "0.2.3"
source = "registry+https://github.com/rust-lang/crates.io-index"
dependencies = [
 "semver 0.9.0 (registry+https://github.com/rust-lang/crates.io-index)",
]

[[package]]
name = "semver"
version = "0.9.0"
source = "registry+https://github.com/rust-lang/crates.io-index"
dependencies = [
 "semver-parser 0.7.0 (registry+https://github.com/rust-lang/crates.io-index)",
]

[[package]]
name = "semver-parser"
version = "0.7.0"
source = "registry+https://github.com/rust-lang/crates.io-index"

[[package]]
name = "serde"
version = "1.0.97"
source = "registry+https://github.com/rust-lang/crates.io-index"

[[package]]
name = "serde_derive"
version = "1.0.97"
source = "registry+https://github.com/rust-lang/crates.io-index"
dependencies = [
 "proc-macro2 0.4.30 (registry+https://github.com/rust-lang/crates.io-index)",
 "quote 0.6.13 (registry+https://github.com/rust-lang/crates.io-index)",
 "syn 0.15.42 (registry+https://github.com/rust-lang/crates.io-index)",
]

[[package]]
name = "spin"
version = "0.4.10"
source = "registry+https://github.com/rust-lang/crates.io-index"

[[package]]
name = "spin"
version = "0.5.0"
source = "registry+https://github.com/rust-lang/crates.io-index"

[[package]]
name = "syn"
version = "0.15.42"
source = "registry+https://github.com/rust-lang/crates.io-index"
dependencies = [
 "proc-macro2 0.4.30 (registry+https://github.com/rust-lang/crates.io-index)",
 "quote 0.6.13 (registry+https://github.com/rust-lang/crates.io-index)",
 "unicode-xid 0.1.0 (registry+https://github.com/rust-lang/crates.io-index)",
]

[[package]]
name = "uart_16550"
version = "0.2.0"
source = "registry+https://github.com/rust-lang/crates.io-index"
dependencies = [
 "bitflags 1.1.0 (registry+https://github.com/rust-lang/crates.io-index)",
 "x86_64 0.5.5 (registry+https://github.com/rust-lang/crates.io-index)",
]

[[package]]
name = "unicode-xid"
version = "0.1.0"
source = "registry+https://github.com/rust-lang/crates.io-index"

[[package]]
name = "usize_conversions"
version = "0.2.0"
source = "registry+https://github.com/rust-lang/crates.io-index"

[[package]]
name = "ux"
version = "0.1.3"
source = "registry+https://github.com/rust-lang/crates.io-index"

[[package]]
name = "volatile"
version = "0.2.6"
source = "registry+https://github.com/rust-lang/crates.io-index"

[[package]]
name = "x86_64"
version = "0.5.5"
source = "registry+https://github.com/rust-lang/crates.io-index"
dependencies = [
 "array-init 0.0.4 (registry+https://github.com/rust-lang/crates.io-index)",
 "bit_field 0.9.0 (registry+https://github.com/rust-lang/crates.io-index)",
 "bitflags 1.1.0 (registry+https://github.com/rust-lang/crates.io-index)",
 "cast 0.2.2 (registry+https://github.com/rust-lang/crates.io-index)",
 "raw-cpuid 6.1.0 (registry+https://github.com/rust-lang/crates.io-index)",
 "ux 0.1.3 (registry+https://github.com/rust-lang/crates.io-index)",
]

[[package]]
name = "x86_64"
version = "0.7.4"
source = "registry+https://github.com/rust-lang/crates.io-index"
dependencies = [
 "array-init 0.0.4 (registry+https://github.com/rust-lang/crates.io-index)",
 "bit_field 0.9.0 (registry+https://github.com/rust-lang/crates.io-index)",
 "bitflags 1.1.0 (registry+https://github.com/rust-lang/crates.io-index)",
 "cast 0.2.2 (registry+https://github.com/rust-lang/crates.io-index)",
 "ux 0.1.3 (registry+https://github.com/rust-lang/crates.io-index)",
]

[[package]]
name = "xmas-elf"
version = "0.6.2"
source = "registry+https://github.com/rust-lang/crates.io-index"
dependencies = [
 "zero 0.1.2 (registry+https://github.com/rust-lang/crates.io-index)",
]

[[package]]
name = "zero"
version = "0.1.2"
source = "registry+https://github.com/rust-lang/crates.io-index"

[metadata]
"checksum array-init 0.0.4 (registry+https://github.com/rust-lang/crates.io-index)" = "23589ecb866b460d3a0f1278834750268c607e8e28a1b982c907219f3178cd72"
"checksum autocfg 0.1.5 (registry+https://github.com/rust-lang/crates.io-index)" = "22130e92352b948e7e82a49cdb0aa94f2211761117f29e052dd397c1ac33542b"
"checksum bit_field 0.9.0 (registry+https://github.com/rust-lang/crates.io-index)" = "ed8765909f9009617974ab6b7d332625b320b33c326b1e9321382ef1999b5d56"
"checksum bitflags 1.1.0 (registry+https://github.com/rust-lang/crates.io-index)" = "3d155346769a6855b86399e9bc3814ab343cd3d62c7e985113d46a0ec3c281fd"
"checksum bootloader 0.6.4 (registry+https://github.com/rust-lang/crates.io-index)" = "b15e5b7b9d9a8e427cf4270894f51ce288632a3a1a2cc6f8fda669d5446f98bd"
"checksum cast 0.2.2 (registry+https://github.com/rust-lang/crates.io-index)" = "926013f2860c46252efceabb19f4a6b308197505082c609025aa6706c011d427"
"checksum cc 1.0.38 (registry+https://github.com/rust-lang/crates.io-index)" = "ce400c638d48ee0e9ab75aef7997609ec57367ccfe1463f21bf53c3eca67bf46"
"checksum cpuio 0.2.0 (registry+https://github.com/rust-lang/crates.io-index)" = "22b8e308ccfc5acf3b82f79c0eac444cf6114cb2ac67a230ca6c177210068daa"
"checksum fixedvec 0.2.4 (registry+https://github.com/rust-lang/crates.io-index)" = "b395ef2adf62bdeefcd1b59ad0dd2225c6c333ec79656ea79ac5285c46d051ea"
"checksum hashbrown 0.5.0 (registry+https://github.com/rust-lang/crates.io-index)" = "e1de41fb8dba9714efd92241565cdff73f78508c95697dd56787d3cba27e2353"
"checksum lazy_static 1.3.0 (registry+https://github.com/rust-lang/crates.io-index)" = "bc5729f27f159ddd61f4df6228e827e86643d4d3e7c32183cb30a1c08f604a14"
"checksum libm 0.1.4 (registry+https://github.com/rust-lang/crates.io-index)" = "7fc7aa29613bd6a620df431842069224d8bc9011086b1db4c0e0cd47fa03ec9a"
"checksum linked_list_allocator 0.6.4 (registry+https://github.com/rust-lang/crates.io-index)" = "47314ec1d29aa869ee7cb5a5be57be9b1055c56567d59c3fb6689926743e0bea"
"checksum llvm-tools 0.1.1 (registry+https://github.com/rust-lang/crates.io-index)" = "955be5d0ca0465caf127165acb47964f911e2bc26073e865deb8be7189302faf"
"checksum mech-core 0.0.2 (git+https://gitlab.com/mech-lang/core)" = "<none>"
"checksum nodrop 0.1.13 (registry+https://github.com/rust-lang/crates.io-index)" = "2f9667ddcc6cc8a43afc9b7917599d7216aa09c463919ea32c59ed6cac8bc945"
"checksum num 0.2.0 (registry+https://github.com/rust-lang/crates.io-index)" = "cf4825417e1e1406b3782a8ce92f4d53f26ec055e3622e1881ca8e9f5f9e08db"
"checksum num-complex 0.2.3 (registry+https://github.com/rust-lang/crates.io-index)" = "fcb0cf31fb3ff77e6d2a6ebd6800df7fdcd106f2ad89113c9130bcd07f93dffc"
"checksum num-integer 0.1.41 (registry+https://github.com/rust-lang/crates.io-index)" = "b85e541ef8255f6cf42bbfe4ef361305c6c135d10919ecc26126c4e5ae94bc09"
"checksum num-iter 0.1.39 (registry+https://github.com/rust-lang/crates.io-index)" = "76bd5272412d173d6bf9afdf98db8612bbabc9a7a830b7bfc9c188911716132e"
"checksum num-rational 0.2.2 (registry+https://github.com/rust-lang/crates.io-index)" = "f2885278d5fe2adc2f75ced642d52d879bffaceb5a2e0b1d4309ffdfb239b454"
"checksum num-traits 0.2.8 (registry+https://github.com/rust-lang/crates.io-index)" = "6ba9a427cfca2be13aa6f6403b0b7e7368fe982bfa16fccc450ce74c46cd9b32"
"checksum pc-keyboard 0.3.1 (registry+https://github.com/rust-lang/crates.io-index)" = "fff50ab09ba31bcebc0669f4e64c0952fae1acdca9e6e0587e68e4e8443808ac"
"checksum pic8259_simple 0.1.1 (registry+https://github.com/rust-lang/crates.io-index)" = "dc64b2fd10828da8521b6cdabe0679385d7d2a3a6d4c336b819d1fa31ba35c72"
"checksum proc-macro2 0.4.30 (registry+https://github.com/rust-lang/crates.io-index)" = "cf3d2011ab5c909338f7887f4fc896d35932e29146c12c8d01da6b22a80ba759"
"checksum quote 0.6.13 (registry+https://github.com/rust-lang/crates.io-index)" = "6ce23b6b870e8f94f81fb0a363d65d86675884b34a09043c81e5562f11c1f8e1"
"checksum raw-cpuid 6.1.0 (registry+https://github.com/rust-lang/crates.io-index)" = "30a9d219c32c9132f7be513c18be77c9881c7107d2ab5569d205a6a0f0e6dc7d"
"checksum rlibc 1.0.0 (registry+https://github.com/rust-lang/crates.io-index)" = "fc874b127765f014d792f16763a81245ab80500e2ad921ed4ee9e82481ee08fe"
"checksum rustc_version 0.2.3 (registry+https://github.com/rust-lang/crates.io-index)" = "138e3e0acb6c9fb258b19b67cb8abd63c00679d2851805ea151465464fe9030a"
"checksum semver 0.9.0 (registry+https://github.com/rust-lang/crates.io-index)" = "1d7eb9ef2c18661902cc47e535f9bc51b78acd254da71d375c2f6720d9a40403"
"checksum semver-parser 0.7.0 (registry+https://github.com/rust-lang/crates.io-index)" = "388a1df253eca08550bef6c72392cfe7c30914bf41df5269b68cbd6ff8f570a3"
"checksum serde 1.0.97 (registry+https://github.com/rust-lang/crates.io-index)" = "d46b3dfedb19360a74316866cef04687cd4d6a70df8e6a506c63512790769b72"
"checksum serde_derive 1.0.97 (registry+https://github.com/rust-lang/crates.io-index)" = "c22a0820adfe2f257b098714323563dd06426502abbbce4f51b72ef544c5027f"
"checksum spin 0.4.10 (registry+https://github.com/rust-lang/crates.io-index)" = "ceac490aa12c567115b40b7b7fceca03a6c9d53d5defea066123debc83c5dc1f"
"checksum spin 0.5.0 (registry+https://github.com/rust-lang/crates.io-index)" = "44363f6f51401c34e7be73db0db371c04705d35efbe9f7d6082e03a921a32c55"
"checksum syn 0.15.42 (registry+https://github.com/rust-lang/crates.io-index)" = "eadc09306ca51a40555dd6fc2b415538e9e18bc9f870e47b1a524a79fe2dcf5e"
"checksum uart_16550 0.2.0 (registry+https://github.com/rust-lang/crates.io-index)" = "5b9392f60931fe3bf8f24e0a15ee4f51528770f1d64c48768ab66571334d95b0"
"checksum unicode-xid 0.1.0 (registry+https://github.com/rust-lang/crates.io-index)" = "fc72304796d0818e357ead4e000d19c9c174ab23dc11093ac919054d20a6a7fc"
"checksum usize_conversions 0.2.0 (registry+https://github.com/rust-lang/crates.io-index)" = "f70329e2cbe45d6c97a5112daad40c34cd9a4e18edb5a2a18fefeb584d8d25e5"
"checksum ux 0.1.3 (registry+https://github.com/rust-lang/crates.io-index)" = "88dfeb711b61ce620c0cb6fd9f8e3e678622f0c971da2a63c4b3e25e88ed012f"
"checksum volatile 0.2.6 (registry+https://github.com/rust-lang/crates.io-index)" = "6af0edf5b4faacc31fc51159244d78d65ec580f021afcef7bd53c04aeabc7f29"
"checksum x86_64 0.5.5 (registry+https://github.com/rust-lang/crates.io-index)" = "bb8f09c32a991cc758ebcb9b7984f530095d32578a4e7b85db6ee1f0bbe4c9c6"
"checksum x86_64 0.7.4 (registry+https://github.com/rust-lang/crates.io-index)" = "1ad37c1665071808d64e65f7cdae32afcdc90fd7ae7fa402bbda36b824f1add6"
"checksum xmas-elf 0.6.2 (registry+https://github.com/rust-lang/crates.io-index)" = "22678df5df766e8d1e5d609da69f0c3132d794edf6ab5e75e7abcd2270d4cf58"
"checksum zero 0.1.2 (registry+https://github.com/rust-lang/crates.io-index)" = "5f1bc8a6b2005884962297587045002d8cfb8dcec9db332f4ca216ddc5de82c5"
